
Microsoft Visual Studio Solution File, Format Version 12.00
# Visual Studio Version 16
VisualStudioVersion = 16.0.29709.97
MinimumVisualStudioVersion = 10.0.40219.1
Project("{FAE04EC0-301F-11D3-BF4B-00C04F79EFBC}") = "Tic Tac Toe", "Tic Tac Toe\Tic Tac Toe.csproj", "{0FAEAE53-A961-48D7-AE20-2901395C8482}"
EndProject
Global
	GlobalSection(SolutionConfigurationPlatforms) = preSolution
		Debug|Any CPU = Debug|Any CPU
		Release|Any CPU = Release|Any CPU
	EndGlobalSection
	GlobalSection(ProjectConfigurationPlatforms) = postSolution
		{0FAEAE53-A961-48D7-AE20-2901395C8482}.Debug|Any CPU.ActiveCfg = Debug|Any CPU
		{0FAEAE53-A961-48D7-AE20-2901395C8482}.Debug|Any CPU.Build.0 = Debug|Any CPU
		{0FAEAE53-A961-48D7-AE20-2901395C8482}.Release|Any CPU.ActiveCfg = Release|Any CPU
		{0FAEAE53-A961-48D7-AE20-2901395C8482}.Release|Any CPU.Build.0 = Release|Any CPU
	EndGlobalSection
	GlobalSection(SolutionProperties) = preSolution
		HideSolutionNode = FALSE
	EndGlobalSection
	GlobalSection(ExtensibilityGlobals) = postSolution
		SolutionGuid = {58DC472F-F130-443B-8298-69289802954A}
	EndGlobalSection
EndGlobal
